
Microsoft Visual Studio Solution File, Format Version 12.00
# Visual Studio 15
VisualStudioVersion = 15.0.28010.2036
MinimumVisualStudioVersion = 10.0.40219.1
Project("{FAE04EC0-301F-11D3-BF4B-00C04F79EFBC}") = "LV3", "LV3\LV3.csproj", "{8099CBE1-FF58-4A8E-86FB-4CFDED5F6611}"
EndProject
Global
	GlobalSection(SolutionConfigurationPlatforms) = preSolution
		Debug|Any CPU = Debug|Any CPU
		Release|Any CPU = Release|Any CPU
	EndGlobalSection
	GlobalSection(ProjectConfigurationPlatforms) = postSolution
		{8099CBE1-FF58-4A8E-86FB-4CFDED5F6611}.Debug|Any CPU.ActiveCfg = Debug|Any CPU
		{8099CBE1-FF58-4A8E-86FB-4CFDED5F6611}.Debug|Any CPU.Build.0 = Debug|Any CPU
		{8099CBE1-FF58-4A8E-86FB-4CFDED5F6611}.Release|Any CPU.ActiveCfg = Release|Any CPU
		{8099CBE1-FF58-4A8E-86FB-4CFDED5F6611}.Release|Any CPU.Build.0 = Release|Any CPU
	EndGlobalSection
	GlobalSection(SolutionProperties) = preSolution
		HideSolutionNode = FALSE
	EndGlobalSection
	GlobalSection(ExtensibilityGlobals) = postSolution
		SolutionGuid = {8A74C324-954D-44EE-A092-BDF1F92893C7}
	EndGlobalSection
EndGlobal
