
Microsoft Visual Studio Solution File, Format Version 12.00
# Visual Studio 15
VisualStudioVersion = 15.0.28010.2036
MinimumVisualStudioVersion = 10.0.40219.1
Project("{FAE04EC0-301F-11D3-BF4B-00C04F79EFBC}") = "LV2_solution", "LV2_solution\LV2_solution.csproj", "{7F41C398-B770-46D4-AAA7-B3BA59CD5A72}"
EndProject
Global
	GlobalSection(SolutionConfigurationPlatforms) = preSolution
		Debug|Any CPU = Debug|Any CPU
		Release|Any CPU = Release|Any CPU
	EndGlobalSection
	GlobalSection(ProjectConfigurationPlatforms) = postSolution
		{7F41C398-B770-46D4-AAA7-B3BA59CD5A72}.Debug|Any CPU.ActiveCfg = Debug|Any CPU
		{7F41C398-B770-46D4-AAA7-B3BA59CD5A72}.Debug|Any CPU.Build.0 = Debug|Any CPU
		{7F41C398-B770-46D4-AAA7-B3BA59CD5A72}.Release|Any CPU.ActiveCfg = Release|Any CPU
		{7F41C398-B770-46D4-AAA7-B3BA59CD5A72}.Release|Any CPU.Build.0 = Release|Any CPU
	EndGlobalSection
	GlobalSection(SolutionProperties) = preSolution
		HideSolutionNode = FALSE
	EndGlobalSection
	GlobalSection(ExtensibilityGlobals) = postSolution
		SolutionGuid = {D9E6E767-E784-4F82-A15A-1EEE2F64CD72}
	EndGlobalSection
EndGlobal
